// !$*UTF8*$!
{
	archiveVersion = 1;
	classes = {
	};
	objectVersion = 46;
	objects = {

/* Begin PBXBuildFile section */
		4C9590941A03FBA9009CFA0F /* SwiftyJSON.swift in Sources */ = {isa = PBXBuildFile; fileRef = 4C9590931A03FBA9009CFA0F /* SwiftyJSON.swift */; };
		4C9590961A03FD06009CFA0F /* person.jpg in Resources */ = {isa = PBXBuildFile; fileRef = 4C9590951A03FD06009CFA0F /* person.jpg */; };
		4C9CA67D19C21C5400120E8C /* AppDelegate.swift in Sources */ = {isa = PBXBuildFile; fileRef = 4C9CA67C19C21C5400120E8C /* AppDelegate.swift */; };
		4C9CA67F19C21C5400120E8C /* ViewController.swift in Sources */ = {isa = PBXBuildFile; fileRef = 4C9CA67E19C21C5400120E8C /* ViewController.swift */; };
		4C9CA68219C21C5400120E8C /* Main.storyboard in Resources */ = {isa = PBXBuildFile; fileRef = 4C9CA68019C21C5400120E8C /* Main.storyboard */; };
		4C9CA68419C21C5400120E8C /* Images.xcassets in Resources */ = {isa = PBXBuildFile; fileRef = 4C9CA68319C21C5400120E8C /* Images.xcassets */; };
		4C9CA69319C21C5400120E8C /* XMRedirectorTests.swift in Sources */ = {isa = PBXBuildFile; fileRef = 4C9CA69219C21C5400120E8C /* XMRedirectorTests.swift */; };
		4C9CA69F19C21CAB00120E8C /* StatusView.swift in Sources */ = {isa = PBXBuildFile; fileRef = 4C9CA69E19C21CAB00120E8C /* StatusView.swift */; };
		4C9CA6A119C2227500120E8C /* ContactTableViewCell.swift in Sources */ = {isa = PBXBuildFile; fileRef = 4C9CA6A019C2227500120E8C /* ContactTableViewCell.swift */; };
		4CC6002519C5D73E00E55478 /* face.jpg in Resources */ = {isa = PBXBuildFile; fileRef = 4CC6002419C5D73E00E55478 /* face.jpg */; };
		4CC6002D19C5E88800E55478 /* PASImageView.swift in Sources */ = {isa = PBXBuildFile; fileRef = 4CC6002C19C5E88800E55478 /* PASImageView.swift */; };
		4CC6007919C6478B00E55478 /* ActionTableViewCell.swift in Sources */ = {isa = PBXBuildFile; fileRef = 4CC6007819C6478B00E55478 /* ActionTableViewCell.swift */; };
		4CC6007C19C64B9A00E55478 /* cancel@2x.png in Resources */ = {isa = PBXBuildFile; fileRef = 4CC6007A19C64B9A00E55478 /* cancel@2x.png */; };
		4CC6007D19C64B9A00E55478 /* cancel.png in Resources */ = {isa = PBXBuildFile; fileRef = 4CC6007B19C64B9A00E55478 /* cancel.png */; };
		4CC6008019C64C5600E55478 /* add.png in Resources */ = {isa = PBXBuildFile; fileRef = 4CC6007E19C64C5600E55478 /* add.png */; };
		4CC6008119C64C5600E55478 /* add@2x.png in Resources */ = {isa = PBXBuildFile; fileRef = 4CC6007F19C64C5600E55478 /* add@2x.png */; };
		4CC993BB19D1654D00F4C7AC /* Api.swift in Sources */ = {isa = PBXBuildFile; fileRef = 4CC993BA19D1654D00F4C7AC /* Api.swift */; };
		4CC993BF19D170DF00F4C7AC /* Contacts.swift in Sources */ = {isa = PBXBuildFile; fileRef = 4CC993BE19D170DF00F4C7AC /* Contacts.swift */; };
		4CC993CA19D18E3F00F4C7AC /* FrameView.swift in Sources */ = {isa = PBXBuildFile; fileRef = 4CC993C119D18E3E00F4C7AC /* FrameView.swift */; };
		4CC993CB19D18E3F00F4C7AC /* HUDAssets.swift in Sources */ = {isa = PBXBuildFile; fileRef = 4CC993C219D18E3E00F4C7AC /* HUDAssets.swift */; };
		4CC993CC19D18E3F00F4C7AC /* HUDContentView.swift in Sources */ = {isa = PBXBuildFile; fileRef = 4CC993C319D18E3E00F4C7AC /* HUDContentView.swift */; };
		4CC993CD19D18E3F00F4C7AC /* HUDController.swift in Sources */ = {isa = PBXBuildFile; fileRef = 4CC993C419D18E3E00F4C7AC /* HUDController.swift */; };
		4CC993CE19D18E3F00F4C7AC /* Images.xcassets in Resources */ = {isa = PBXBuildFile; fileRef = 4CC993C519D18E3E00F4C7AC /* Images.xcassets */; };
		4CC993CF19D18E3F00F4C7AC /* Info.plist in Resources */ = {isa = PBXBuildFile; fileRef = 4CC993C619D18E3F00F4C7AC /* Info.plist */; };
		4CC993D019D18E3F00F4C7AC /* Window.swift in Sources */ = {isa = PBXBuildFile; fileRef = 4CC993C819D18E3F00F4C7AC /* Window.swift */; };
		4CC993D119D18E3F00F4C7AC /* WindowRootViewController.swift in Sources */ = {isa = PBXBuildFile; fileRef = 4CC993C919D18E3F00F4C7AC /* WindowRootViewController.swift */; };
		4CF2D38E1A04341500141CB6 /* notification.wav in Resources */ = {isa = PBXBuildFile; fileRef = 4CF2D38D1A04341500141CB6 /* notification.wav */; };
/* End PBXBuildFile section */

/* Begin PBXContainerItemProxy section */
		4C9CA68D19C21C5400120E8C /* PBXContainerItemProxy */ = {
			isa = PBXContainerItemProxy;
			containerPortal = 4C9CA66F19C21C5400120E8C /* Project object */;
			proxyType = 1;
			remoteGlobalIDString = 4C9CA67619C21C5400120E8C;
			remoteInfo = XMRedirector;
		};
/* End PBXContainerItemProxy section */

/* Begin PBXFileReference section */
		4C9590931A03FBA9009CFA0F /* SwiftyJSON.swift */ = {isa = PBXFileReference; fileEncoding = 4; lastKnownFileType = sourcecode.swift; name = SwiftyJSON.swift; path = ../../OpenSourced/SwiftyJSON/Source/SwiftyJSON.swift; sourceTree = "<group>"; };
		4C9590951A03FD06009CFA0F /* person.jpg */ = {isa = PBXFileReference; lastKnownFileType = image.jpeg; path = person.jpg; sourceTree = "<group>"; };
		4C9CA67719C21C5400120E8C /* XMRedirector.app */ = {isa = PBXFileReference; explicitFileType = wrapper.application; includeInIndex = 0; path = XMRedirector.app; sourceTree = BUILT_PRODUCTS_DIR; };
		4C9CA67B19C21C5400120E8C /* Info.plist */ = {isa = PBXFileReference; lastKnownFileType = text.plist.xml; path = Info.plist; sourceTree = "<group>"; };
		4C9CA67C19C21C5400120E8C /* AppDelegate.swift */ = {isa = PBXFileReference; lastKnownFileType = sourcecode.swift; path = AppDelegate.swift; sourceTree = "<group>"; };
		4C9CA67E19C21C5400120E8C /* ViewController.swift */ = {isa = PBXFileReference; lastKnownFileType = sourcecode.swift; path = ViewController.swift; sourceTree = "<group>"; };
		4C9CA68119C21C5400120E8C /* Base */ = {isa = PBXFileReference; lastKnownFileType = file.storyboard; name = Base; path = Base.lproj/Main.storyboard; sourceTree = "<group>"; };
		4C9CA68319C21C5400120E8C /* Images.xcassets */ = {isa = PBXFileReference; lastKnownFileType = folder.assetcatalog; path = Images.xcassets; sourceTree = "<group>"; };
		4C9CA68C19C21C5400120E8C /* XMRedirectorTests.xctest */ = {isa = PBXFileReference; explicitFileType = wrapper.cfbundle; includeInIndex = 0; path = XMRedirectorTests.xctest; sourceTree = BUILT_PRODUCTS_DIR; };
		4C9CA69119C21C5400120E8C /* Info.plist */ = {isa = PBXFileReference; lastKnownFileType = text.plist.xml; path = Info.plist; sourceTree = "<group>"; };
		4C9CA69219C21C5400120E8C /* XMRedirectorTests.swift */ = {isa = PBXFileReference; lastKnownFileType = sourcecode.swift; path = XMRedirectorTests.swift; sourceTree = "<group>"; };
		4C9CA69E19C21CAB00120E8C /* StatusView.swift */ = {isa = PBXFileReference; fileEncoding = 4; lastKnownFileType = sourcecode.swift; path = StatusView.swift; sourceTree = "<group>"; };
		4C9CA6A019C2227500120E8C /* ContactTableViewCell.swift */ = {isa = PBXFileReference; fileEncoding = 4; lastKnownFileType = sourcecode.swift; path = ContactTableViewCell.swift; sourceTree = "<group>"; };
		4CC6002419C5D73E00E55478 /* face.jpg */ = {isa = PBXFileReference; lastKnownFileType = image.jpeg; path = face.jpg; sourceTree = "<group>"; };
		4CC6002C19C5E88800E55478 /* PASImageView.swift */ = {isa = PBXFileReference; fileEncoding = 4; lastKnownFileType = sourcecode.swift; name = PASImageView.swift; path = ../../OpenSourced/PASImageView/PASImageView.swift; sourceTree = "<group>"; };
		4CC6007819C6478B00E55478 /* ActionTableViewCell.swift */ = {isa = PBXFileReference; fileEncoding = 4; lastKnownFileType = sourcecode.swift; path = ActionTableViewCell.swift; sourceTree = "<group>"; };
		4CC6007A19C64B9A00E55478 /* cancel@2x.png */ = {isa = PBXFileReference; lastKnownFileType = image.png; path = "cancel@2x.png"; sourceTree = "<group>"; };
		4CC6007B19C64B9A00E55478 /* cancel.png */ = {isa = PBXFileReference; lastKnownFileType = image.png; path = cancel.png; sourceTree = "<group>"; };
		4CC6007E19C64C5600E55478 /* add.png */ = {isa = PBXFileReference; lastKnownFileType = image.png; path = add.png; sourceTree = "<group>"; };
		4CC6007F19C64C5600E55478 /* add@2x.png */ = {isa = PBXFileReference; lastKnownFileType = image.png; path = "add@2x.png"; sourceTree = "<group>"; };
		4CC993BA19D1654D00F4C7AC /* Api.swift */ = {isa = PBXFileReference; fileEncoding = 4; lastKnownFileType = sourcecode.swift; path = Api.swift; sourceTree = "<group>"; };
		4CC993BE19D170DF00F4C7AC /* Contacts.swift */ = {isa = PBXFileReference; fileEncoding = 4; lastKnownFileType = sourcecode.swift; path = Contacts.swift; sourceTree = "<group>"; };
		4CC993C119D18E3E00F4C7AC /* FrameView.swift */ = {isa = PBXFileReference; fileEncoding = 4; lastKnownFileType = sourcecode.swift; path = FrameView.swift; sourceTree = "<group>"; };
		4CC993C219D18E3E00F4C7AC /* HUDAssets.swift */ = {isa = PBXFileReference; fileEncoding = 4; lastKnownFileType = sourcecode.swift; path = HUDAssets.swift; sourceTree = "<group>"; };
		4CC993C319D18E3E00F4C7AC /* HUDContentView.swift */ = {isa = PBXFileReference; fileEncoding = 4; lastKnownFileType = sourcecode.swift; path = HUDContentView.swift; sourceTree = "<group>"; };
		4CC993C419D18E3E00F4C7AC /* HUDController.swift */ = {isa = PBXFileReference; fileEncoding = 4; lastKnownFileType = sourcecode.swift; path = HUDController.swift; sourceTree = "<group>"; };
		4CC993C519D18E3E00F4C7AC /* Images.xcassets */ = {isa = PBXFileReference; lastKnownFileType = folder.assetcatalog; path = Images.xcassets; sourceTree = "<group>"; };
		4CC993C619D18E3F00F4C7AC /* Info.plist */ = {isa = PBXFileReference; fileEncoding = 4; lastKnownFileType = text.plist.xml; path = Info.plist; sourceTree = "<group>"; };
		4CC993C719D18E3F00F4C7AC /* PKHUD.h */ = {isa = PBXFileReference; fileEncoding = 4; lastKnownFileType = sourcecode.c.h; path = PKHUD.h; sourceTree = "<group>"; };
		4CC993C819D18E3F00F4C7AC /* Window.swift */ = {isa = PBXFileReference; fileEncoding = 4; lastKnownFileType = sourcecode.swift; path = Window.swift; sourceTree = "<group>"; };
		4CC993C919D18E3F00F4C7AC /* WindowRootViewController.swift */ = {isa = PBXFileReference; fileEncoding = 4; lastKnownFileType = sourcecode.swift; path = WindowRootViewController.swift; sourceTree = "<group>"; };
		4CF2D38D1A04341500141CB6 /* notification.wav */ = {isa = PBXFileReference; lastKnownFileType = audio.wav; path = notification.wav; sourceTree = "<group>"; };
/* End PBXFileReference section */

/* Begin PBXFrameworksBuildPhase section */
		4C9CA67419C21C5400120E8C /* Frameworks */ = {
			isa = PBXFrameworksBuildPhase;
			buildActionMask = 2147483647;
			files = (
			);
			runOnlyForDeploymentPostprocessing = 0;
		};
		4C9CA68919C21C5400120E8C /* Frameworks */ = {
			isa = PBXFrameworksBuildPhase;
			buildActionMask = 2147483647;
			files = (
			);
			runOnlyForDeploymentPostprocessing = 0;
		};
/* End PBXFrameworksBuildPhase section */

/* Begin PBXGroup section */
		4C9CA66E19C21C5400120E8C = {
			isa = PBXGroup;
			children = (
				4C9CA67919C21C5400120E8C /* XMRedirector */,
				4C9CA68F19C21C5400120E8C /* XMRedirectorTests */,
				4C9CA67819C21C5400120E8C /* Products */,
			);
			sourceTree = "<group>";
		};
		4C9CA67819C21C5400120E8C /* Products */ = {
			isa = PBXGroup;
			children = (
				4C9CA67719C21C5400120E8C /* XMRedirector.app */,
				4C9CA68C19C21C5400120E8C /* XMRedirectorTests.xctest */,
			);
			name = Products;
			sourceTree = "<group>";
		};
		4C9CA67919C21C5400120E8C /* XMRedirector */ = {
			isa = PBXGroup;
			children = (
				4CC6002719C5E4D600E55478 /* Open Source */,
				4CC6002619C5D74C00E55478 /* Images */,
				4C9CA69E19C21CAB00120E8C /* StatusView.swift */,
				4C9CA67E19C21C5400120E8C /* ViewController.swift */,
				4C9CA6A019C2227500120E8C /* ContactTableViewCell.swift */,
				4CC6007819C6478B00E55478 /* ActionTableViewCell.swift */,
				4C9CA67A19C21C5400120E8C /* Supporting Files */,
				4CC993BA19D1654D00F4C7AC /* Api.swift */,
				4CC993BE19D170DF00F4C7AC /* Contacts.swift */,
			);
			path = XMRedirector;
			sourceTree = "<group>";
		};
		4C9CA67A19C21C5400120E8C /* Supporting Files */ = {
			isa = PBXGroup;
			children = (
				4C9CA67C19C21C5400120E8C /* AppDelegate.swift */,
				4C9CA68319C21C5400120E8C /* Images.xcassets */,
				4C9CA68019C21C5400120E8C /* Main.storyboard */,
				4C9CA67B19C21C5400120E8C /* Info.plist */,
			);
			name = "Supporting Files";
			sourceTree = "<group>";
		};
		4C9CA68F19C21C5400120E8C /* XMRedirectorTests */ = {
			isa = PBXGroup;
			children = (
				4C9CA69219C21C5400120E8C /* XMRedirectorTests.swift */,
				4C9CA69019C21C5400120E8C /* Supporting Files */,
			);
			path = XMRedirectorTests;
			sourceTree = "<group>";
		};
		4C9CA69019C21C5400120E8C /* Supporting Files */ = {
			isa = PBXGroup;
			children = (
				4C9CA69119C21C5400120E8C /* Info.plist */,
			);
			name = "Supporting Files";
			sourceTree = "<group>";
		};
		4CC6002619C5D74C00E55478 /* Images */ = {
			isa = PBXGroup;
			children = (
				4CF2D38D1A04341500141CB6 /* notification.wav */,
				4C9590951A03FD06009CFA0F /* person.jpg */,
				4CC6007E19C64C5600E55478 /* add.png */,
				4CC6007F19C64C5600E55478 /* add@2x.png */,
				4CC6007A19C64B9A00E55478 /* cancel@2x.png */,
				4CC6007B19C64B9A00E55478 /* cancel.png */,
				4CC6002419C5D73E00E55478 /* face.jpg */,
			);
			path = Images;
			sourceTree = "<group>";
		};
		4CC6002719C5E4D600E55478 /* Open Source */ = {
			isa = PBXGroup;
			children = (
				4C9590931A03FBA9009CFA0F /* SwiftyJSON.swift */,
				4CC993C019D18E3E00F4C7AC /* PKHUD */,
				4CC6002C19C5E88800E55478 /* PASImageView.swift */,
			);
			name = "Open Source";
			sourceTree = "<group>";
		};
		4CC993C019D18E3E00F4C7AC /* PKHUD */ = {
			isa = PBXGroup;
			children = (
				4CC993C119D18E3E00F4C7AC /* FrameView.swift */,
				4CC993C219D18E3E00F4C7AC /* HUDAssets.swift */,
				4CC993C319D18E3E00F4C7AC /* HUDContentView.swift */,
				4CC993C419D18E3E00F4C7AC /* HUDController.swift */,
				4CC993C519D18E3E00F4C7AC /* Images.xcassets */,
				4CC993C619D18E3F00F4C7AC /* Info.plist */,
				4CC993C719D18E3F00F4C7AC /* PKHUD.h */,
				4CC993C819D18E3F00F4C7AC /* Window.swift */,
				4CC993C919D18E3F00F4C7AC /* WindowRootViewController.swift */,
			);
			name = PKHUD;
			path = ../../OpenSourced/PKHUD/PKHUD;
			sourceTree = "<group>";
		};
/* End PBXGroup section */

/* Begin PBXNativeTarget section */
		4C9CA67619C21C5400120E8C /* XMRedirector */ = {
			isa = PBXNativeTarget;
			buildConfigurationList = 4C9CA69619C21C5400120E8C /* Build configuration list for PBXNativeTarget "XMRedirector" */;
			buildPhases = (
				4C9CA67319C21C5400120E8C /* Sources */,
				4C9CA67419C21C5400120E8C /* Frameworks */,
				4C9CA67519C21C5400120E8C /* Resources */,
			);
			buildRules = (
			);
			dependencies = (
			);
			name = XMRedirector;
			productName = XMRedirector;
			productReference = 4C9CA67719C21C5400120E8C /* XMRedirector.app */;
			productType = "com.apple.product-type.application";
		};
		4C9CA68B19C21C5400120E8C /* XMRedirectorTests */ = {
			isa = PBXNativeTarget;
			buildConfigurationList = 4C9CA69919C21C5400120E8C /* Build configuration list for PBXNativeTarget "XMRedirectorTests" */;
			buildPhases = (
				4C9CA68819C21C5400120E8C /* Sources */,
				4C9CA68919C21C5400120E8C /* Frameworks */,
				4C9CA68A19C21C5400120E8C /* Resources */,
			);
			buildRules = (
			);
			dependencies = (
				4C9CA68E19C21C5400120E8C /* PBXTargetDependency */,
			);
			name = XMRedirectorTests;
			productName = XMRedirectorTests;
			productReference = 4C9CA68C19C21C5400120E8C /* XMRedirectorTests.xctest */;
			productType = "com.apple.product-type.bundle.unit-test";
		};
/* End PBXNativeTarget section */

/* Begin PBXProject section */
		4C9CA66F19C21C5400120E8C /* Project object */ = {
			isa = PBXProject;
			attributes = {
				LastUpgradeCheck = 0600;
				ORGANIZATIONNAME = "Michael Teeuw";
				TargetAttributes = {
					4C9CA67619C21C5400120E8C = {
						CreatedOnToolsVersion = 6.1;
						DevelopmentTeam = 9ZW6KB2LSP;
					};
					4C9CA68B19C21C5400120E8C = {
						CreatedOnToolsVersion = 6.1;
						TestTargetID = 4C9CA67619C21C5400120E8C;
					};
				};
			};
			buildConfigurationList = 4C9CA67219C21C5400120E8C /* Build configuration list for PBXProject "XMRedirector" */;
			compatibilityVersion = "Xcode 3.2";
			developmentRegion = English;
			hasScannedForEncodings = 0;
			knownRegions = (
				en,
				Base,
			);
			mainGroup = 4C9CA66E19C21C5400120E8C;
			productRefGroup = 4C9CA67819C21C5400120E8C /* Products */;
			projectDirPath = "";
			projectRoot = "";
			targets = (
				4C9CA67619C21C5400120E8C /* XMRedirector */,
				4C9CA68B19C21C5400120E8C /* XMRedirectorTests */,
			);
		};
/* End PBXProject section */

/* Begin PBXResourcesBuildPhase section */
		4C9CA67519C21C5400120E8C /* Resources */ = {
			isa = PBXResourcesBuildPhase;
			buildActionMask = 2147483647;
			files = (
				4CC6007C19C64B9A00E55478 /* cancel@2x.png in Resources */,
				4CC993CE19D18E3F00F4C7AC /* Images.xcassets in Resources */,
				4CC993CF19D18E3F00F4C7AC /* Info.plist in Resources */,
				4CF2D38E1A04341500141CB6 /* notification.wav in Resources */,
				4CC6002519C5D73E00E55478 /* face.jpg in Resources */,
				4C9590961A03FD06009CFA0F /* person.jpg in Resources */,
				4CC6008019C64C5600E55478 /* add.png in Resources */,
				4C9CA68219C21C5400120E8C /* Main.storyboard in Resources */,
				4C9CA68419C21C5400120E8C /* Images.xcassets in Resources */,
				4CC6007D19C64B9A00E55478 /* cancel.png in Resources */,
				4CC6008119C64C5600E55478 /* add@2x.png in Resources */,
			);
			runOnlyForDeploymentPostprocessing = 0;
		};
		4C9CA68A19C21C5400120E8C /* Resources */ = {
			isa = PBXResourcesBuildPhase;
			buildActionMask = 2147483647;
			files = (
			);
			runOnlyForDeploymentPostprocessing = 0;
		};
/* End PBXResourcesBuildPhase section */

/* Begin PBXSourcesBuildPhase section */
		4C9CA67319C21C5400120E8C /* Sources */ = {
			isa = PBXSourcesBuildPhase;
			buildActionMask = 2147483647;
			files = (
				4C9CA6A119C2227500120E8C /* ContactTableViewCell.swift in Sources */,
				4C9CA67F19C21C5400120E8C /* ViewController.swift in Sources */,
				4CC993CB19D18E3F00F4C7AC /* HUDAssets.swift in Sources */,
				4C9590941A03FBA9009CFA0F /* SwiftyJSON.swift in Sources */,
				4CC993BF19D170DF00F4C7AC /* Contacts.swift in Sources */,
				4CC6007919C6478B00E55478 /* ActionTableViewCell.swift in Sources */,
				4CC993CC19D18E3F00F4C7AC /* HUDContentView.swift in Sources */,
				4C9CA67D19C21C5400120E8C /* AppDelegate.swift in Sources */,
				4CC6002D19C5E88800E55478 /* PASImageView.swift in Sources */,
				4CC993D019D18E3F00F4C7AC /* Window.swift in Sources */,
				4CC993BB19D1654D00F4C7AC /* Api.swift in Sources */,
				4CC993CA19D18E3F00F4C7AC /* FrameView.swift in Sources */,
				4C9CA69F19C21CAB00120E8C /* StatusView.swift in Sources */,
				4CC993CD19D18E3F00F4C7AC /* HUDController.swift in Sources */,
				4CC993D119D18E3F00F4C7AC /* WindowRootViewController.swift in Sources */,
			);
			runOnlyForDeploymentPostprocessing = 0;
		};
		4C9CA68819C21C5400120E8C /* Sources */ = {
			isa = PBXSourcesBuildPhase;
			buildActionMask = 2147483647;
			files = (
				4C9CA69319C21C5400120E8C /* XMRedirectorTests.swift in Sources */,
			);
			runOnlyForDeploymentPostprocessing = 0;
		};
/* End PBXSourcesBuildPhase section */

/* Begin PBXTargetDependency section */
		4C9CA68E19C21C5400120E8C /* PBXTargetDependency */ = {
			isa = PBXTargetDependency;
			target = 4C9CA67619C21C5400120E8C /* XMRedirector */;
			targetProxy = 4C9CA68D19C21C5400120E8C /* PBXContainerItemProxy */;
		};
/* End PBXTargetDependency section */

/* Begin PBXVariantGroup section */
		4C9CA68019C21C5400120E8C /* Main.storyboard */ = {
			isa = PBXVariantGroup;
			children = (
				4C9CA68119C21C5400120E8C /* Base */,
			);
			name = Main.storyboard;
			sourceTree = "<group>";
		};
/* End PBXVariantGroup section */

/* Begin XCBuildConfiguration section */
		4C9CA69419C21C5400120E8C /* Debug */ = {
			isa = XCBuildConfiguration;
			buildSettings = {
				ALWAYS_SEARCH_USER_PATHS = NO;
				CLANG_CXX_LANGUAGE_STANDARD = "gnu++0x";
				CLANG_CXX_LIBRARY = "libc++";
				CLANG_ENABLE_MODULES = YES;
				CLANG_ENABLE_OBJC_ARC = YES;
				CLANG_WARN_BOOL_CONVERSION = YES;
				CLANG_WARN_CONSTANT_CONVERSION = YES;
				CLANG_WARN_DIRECT_OBJC_ISA_USAGE = YES_ERROR;
				CLANG_WARN_EMPTY_BODY = YES;
				CLANG_WARN_ENUM_CONVERSION = YES;
				CLANG_WARN_INT_CONVERSION = YES;
				CLANG_WARN_OBJC_ROOT_CLASS = YES_ERROR;
				CLANG_WARN_UNREACHABLE_CODE = YES;
				CLANG_WARN__DUPLICATE_METHOD_MATCH = YES;
				"CODE_SIGN_IDENTITY[sdk=iphoneos*]" = "iPhone Developer";
				COPY_PHASE_STRIP = NO;
				ENABLE_STRICT_OBJC_MSGSEND = YES;
				GCC_C_LANGUAGE_STANDARD = gnu99;
				GCC_DYNAMIC_NO_PIC = NO;
				GCC_OPTIMIZATION_LEVEL = 0;
				GCC_PREPROCESSOR_DEFINITIONS = (
					"DEBUG=1",
					"$(inherited)",
				);
				GCC_SYMBOLS_PRIVATE_EXTERN = NO;
				GCC_WARN_64_TO_32_BIT_CONVERSION = YES;
				GCC_WARN_ABOUT_RETURN_TYPE = YES_ERROR;
				GCC_WARN_UNDECLARED_SELECTOR = YES;
				GCC_WARN_UNINITIALIZED_AUTOS = YES_AGGRESSIVE;
				GCC_WARN_UNUSED_FUNCTION = YES;
				GCC_WARN_UNUSED_VARIABLE = YES;
				IPHONEOS_DEPLOYMENT_TARGET = 8.0;
				MTL_ENABLE_DEBUG_INFO = YES;
				ONLY_ACTIVE_ARCH = YES;
				SDKROOT = iphoneos;
				SWIFT_OPTIMIZATION_LEVEL = "-Onone";
				TARGETED_DEVICE_FAMILY = "1,2";
			};
			name = Debug;
		};
		4C9CA69519C21C5400120E8C /* Release */ = {
			isa = XCBuildConfiguration;
			buildSettings = {
				ALWAYS_SEARCH_USER_PATHS = NO;
				CLANG_CXX_LANGUAGE_STANDARD = "gnu++0x";
				CLANG_CXX_LIBRARY = "libc++";
				CLANG_ENABLE_MODULES = YES;
				CLANG_ENABLE_OBJC_ARC = YES;
				CLANG_WARN_BOOL_CONVERSION = YES;
				CLANG_WARN_CONSTANT_CONVERSION = YES;
				CLANG_WARN_DIRECT_OBJC_ISA_USAGE = YES_ERROR;
				CLANG_WARN_EMPTY_BODY = YES;
				CLANG_WARN_ENUM_CONVERSION = YES;
				CLANG_WARN_INT_CONVERSION = YES;
				CLANG_WARN_OBJC_ROOT_CLASS = YES_ERROR;
				CLANG_WARN_UNREACHABLE_CODE = YES;
				CLANG_WARN__DUPLICATE_METHOD_MATCH = YES;
				"CODE_SIGN_IDENTITY[sdk=iphoneos*]" = "iPhone Developer";
				COPY_PHASE_STRIP = YES;
				ENABLE_NS_ASSERTIONS = NO;
				ENABLE_STRICT_OBJC_MSGSEND = YES;
				GCC_C_LANGUAGE_STANDARD = gnu99;
				GCC_WARN_64_TO_32_BIT_CONVERSION = YES;
				GCC_WARN_ABOUT_RETURN_TYPE = YES_ERROR;
				GCC_WARN_UNDECLARED_SELECTOR = YES;
				GCC_WARN_UNINITIALIZED_AUTOS = YES_AGGRESSIVE;
				GCC_WARN_UNUSED_FUNCTION = YES;
				GCC_WARN_UNUSED_VARIABLE = YES;
				IPHONEOS_DEPLOYMENT_TARGET = 8.0;
				MTL_ENABLE_DEBUG_INFO = NO;
				SDKROOT = iphoneos;
				TARGETED_DEVICE_FAMILY = "1,2";
				VALIDATE_PRODUCT = YES;
			};
			name = Release;
		};
		4C9CA69719C21C5400120E8C /* Debug */ = {
			isa = XCBuildConfiguration;
			buildSettings = {
				ASSETCATALOG_COMPILER_APPICON_NAME = AppIcon;
				CODE_SIGN_IDENTITY = "iPhone Developer: Michael Teeuw (2M8ANKMU6C)";
				"CODE_SIGN_IDENTITY[sdk=iphoneos*]" = "iPhone Developer";
				INFOPLIST_FILE = XMRedirector/Info.plist;
				LD_RUNPATH_SEARCH_PATHS = "$(inherited) @executable_path/Frameworks";
				PRODUCT_NAME = "$(TARGET_NAME)";
				PROVISIONING_PROFILE = "f0a59076-18ec-4754-bbeb-4f1094d12a95";
			};
			name = Debug;
		};
		4C9CA69819C21C5400120E8C /* Release */ = {
			isa = XCBuildConfiguration;
			buildSettings = {
				ASSETCATALOG_COMPILER_APPICON_NAME = AppIcon;
				CODE_SIGN_IDENTITY = "iPhone Developer: Michael Teeuw (2M8ANKMU6C)";
				"CODE_SIGN_IDENTITY[sdk=iphoneos*]" = "iPhone Developer";
				INFOPLIST_FILE = XMRedirector/Info.plist;
				LD_RUNPATH_SEARCH_PATHS = "$(inherited) @executable_path/Frameworks";
				PRODUCT_NAME = "$(TARGET_NAME)";
				PROVISIONING_PROFILE = "f0a59076-18ec-4754-bbeb-4f1094d12a95";
			};
			name = Release;
		};
		4C9CA69A19C21C5400120E8C /* Debug */ = {
			isa = XCBuildConfiguration;
			buildSettings = {
				BUNDLE_LOADER = "$(TEST_HOST)";
				FRAMEWORK_SEARCH_PATHS = (
					"$(SDKROOT)/Developer/Library/Frameworks",
					"$(inherited)",
				);
				GCC_PREPROCESSOR_DEFINITIONS = (
					"DEBUG=1",
					"$(inherited)",
				);
				INFOPLIST_FILE = XMRedirectorTests/Info.plist;
				LD_RUNPATH_SEARCH_PATHS = "$(inherited) @executable_path/Frameworks @loader_path/Frameworks";
				PRODUCT_NAME = "$(TARGET_NAME)";
				TEST_HOST = "$(BUILT_PRODUCTS_DIR)/XMRedirector.app/XMRedirector";
			};
			name = Debug;
		};
		4C9CA69B19C21C5400120E8C /* Release */ = {
			isa = XCBuildConfiguration;
			buildSettings = {
				BUNDLE_LOADER = "$(TEST_HOST)";
				FRAMEWORK_SEARCH_PATHS = (
					"$(SDKROOT)/Developer/Library/Frameworks",
					"$(inherited)",
				);
				INFOPLIST_FILE = XMRedirectorTests/Info.plist;
				LD_RUNPATH_SEARCH_PATHS = "$(inherited) @executable_path/Frameworks @loader_path/Frameworks";
				PRODUCT_NAME = "$(TARGET_NAME)";
				TEST_HOST = "$(BUILT_PRODUCTS_DIR)/XMRedirector.app/XMRedirector";
			};
			name = Release;
		};
/* End XCBuildConfiguration section */

/* Begin XCConfigurationList section */
		4C9CA67219C21C5400120E8C /* Build configuration list for PBXProject "XMRedirector" */ = {
			isa = XCConfigurationList;
			buildConfigurations = (
				4C9CA69419C21C5400120E8C /* Debug */,
				4C9CA69519C21C5400120E8C /* Release */,
			);
			defaultConfigurationIsVisible = 0;
			defaultConfigurationName = Release;
		};
		4C9CA69619C21C5400120E8C /* Build configuration list for PBXNativeTarget "XMRedirector" */ = {
			isa = XCConfigurationList;
			buildConfigurations = (
				4C9CA69719C21C5400120E8C /* Debug */,
				4C9CA69819C21C5400120E8C /* Release */,
			);
			defaultConfigurationIsVisible = 0;
			defaultConfigurationName = Release;
		};
		4C9CA69919C21C5400120E8C /* Build configuration list for PBXNativeTarget "XMRedirectorTests" */ = {
			isa = XCConfigurationList;
			buildConfigurations = (
				4C9CA69A19C21C5400120E8C /* Debug */,
				4C9CA69B19C21C5400120E8C /* Release */,
			);
			defaultConfigurationIsVisible = 0;
			defaultConfigurationName = Release;
		};
/* End XCConfigurationList section */
	};
	rootObject = 4C9CA66F19C21C5400120E8C /* Project object */;
}
